// !$*UTF8*$!
{
	archiveVersion = 1;
	classes = {
	};
	objectVersion = 50;
	objects = {

/* Begin PBXBuildFile section */
		83C5C8802113662F003D7F37 /* AppDelegate.swift in Sources */ = {isa = PBXBuildFile; fileRef = 83C5C87F2113662F003D7F37 /* AppDelegate.swift */; };
		83C5C8822113662F003D7F37 /* ViewController.swift in Sources */ = {isa = PBXBuildFile; fileRef = 83C5C8812113662F003D7F37 /* ViewController.swift */; };
		83C5C8852113662F003D7F37 /* Main.storyboard in Resources */ = {isa = PBXBuildFile; fileRef = 83C5C8832113662F003D7F37 /* Main.storyboard */; };
		83C5C88721136630003D7F37 /* Assets.xcassets in Resources */ = {isa = PBXBuildFile; fileRef = 83C5C88621136630003D7F37 /* Assets.xcassets */; };
		83C5C88A21136630003D7F37 /* LaunchScreen.storyboard in Resources */ = {isa = PBXBuildFile; fileRef = 83C5C88821136630003D7F37 /* LaunchScreen.storyboard */; };
		83C5C89421136657003D7F37 /* Product.swift in Sources */ = {isa = PBXBuildFile; fileRef = 83C5C89321136657003D7F37 /* Product.swift */; };
		83C5C8962113666F003D7F37 /* ProductIdentifier.swift in Sources */ = {isa = PBXBuildFile; fileRef = 83C5C8952113666F003D7F37 /* ProductIdentifier.swift */; };
		83C5C89921136799003D7F37 /* database.json in Resources */ = {isa = PBXBuildFile; fileRef = 83C5C89821136799003D7F37 /* database.json */; };
/* End PBXBuildFile section */

/* Begin PBXFileReference section */
		83C5C87C2113662F003D7F37 /* Books.app */ = {isa = PBXFileReference; explicitFileType = wrapper.application; includeInIndex = 0; path = Books.app; sourceTree = BUILT_PRODUCTS_DIR; };
		83C5C87F2113662F003D7F37 /* AppDelegate.swift */ = {isa = PBXFileReference; lastKnownFileType = sourcecode.swift; path = AppDelegate.swift; sourceTree = "<group>"; };
		83C5C8812113662F003D7F37 /* ViewController.swift */ = {isa = PBXFileReference; lastKnownFileType = sourcecode.swift; path = ViewController.swift; sourceTree = "<group>"; };
		83C5C8842113662F003D7F37 /* Base */ = {isa = PBXFileReference; lastKnownFileType = file.storyboard; name = Base; path = Base.lproj/Main.storyboard; sourceTree = "<group>"; };
		83C5C88621136630003D7F37 /* Assets.xcassets */ = {isa = PBXFileReference; lastKnownFileType = folder.assetcatalog; path = Assets.xcassets; sourceTree = "<group>"; };
		83C5C88921136630003D7F37 /* Base */ = {isa = PBXFileReference; lastKnownFileType = file.storyboard; name = Base; path = Base.lproj/LaunchScreen.storyboard; sourceTree = "<group>"; };
		83C5C88B21136630003D7F37 /* Info.plist */ = {isa = PBXFileReference; lastKnownFileType = text.plist.xml; path = Info.plist; sourceTree = "<group>"; };
		83C5C89321136657003D7F37 /* Product.swift */ = {isa = PBXFileReference; lastKnownFileType = sourcecode.swift; path = Product.swift; sourceTree = "<group>"; };
		83C5C8952113666F003D7F37 /* ProductIdentifier.swift */ = {isa = PBXFileReference; lastKnownFileType = sourcecode.swift; path = ProductIdentifier.swift; sourceTree = "<group>"; };
		83C5C89821136799003D7F37 /* database.json */ = {isa = PBXFileReference; lastKnownFileType = text.json; path = database.json; sourceTree = "<group>"; };
		83C5C89A21136F11003D7F37 /* mockup.png */ = {isa = PBXFileReference; lastKnownFileType = image.png; path = mockup.png; sourceTree = SOURCE_ROOT; };
/* End PBXFileReference section */

/* Begin PBXFrameworksBuildPhase section */
		83C5C8792113662F003D7F37 /* Frameworks */ = {
			isa = PBXFrameworksBuildPhase;
			buildActionMask = 2147483647;
			files = (
			);
			runOnlyForDeploymentPostprocessing = 0;
		};
/* End PBXFrameworksBuildPhase section */

/* Begin PBXGroup section */
		83C5C8732113662F003D7F37 = {
			isa = PBXGroup;
			children = (
				83C5C87E2113662F003D7F37 /* Books */,
				83C5C87D2113662F003D7F37 /* Products */,
			);
			sourceTree = "<group>";
		};
		83C5C87D2113662F003D7F37 /* Products */ = {
			isa = PBXGroup;
			children = (
				83C5C87C2113662F003D7F37 /* Books.app */,
			);
			name = Products;
			sourceTree = "<group>";
		};
		83C5C87E2113662F003D7F37 /* Books */ = {
			isa = PBXGroup;
			children = (
				83C5C87F2113662F003D7F37 /* AppDelegate.swift */,
				83C5C8812113662F003D7F37 /* ViewController.swift */,
				83C5C89A21136F11003D7F37 /* mockup.png */,
				83C5C89821136799003D7F37 /* database.json */,
				83C5C89721136677003D7F37 /* Models */,
				83C5C8832113662F003D7F37 /* Main.storyboard */,
				83C5C88621136630003D7F37 /* Assets.xcassets */,
				83C5C88821136630003D7F37 /* LaunchScreen.storyboard */,
				83C5C88B21136630003D7F37 /* Info.plist */,
			);
			path = Books;
			sourceTree = "<group>";
		};
		83C5C89721136677003D7F37 /* Models */ = {
			isa = PBXGroup;
			children = (
				83C5C89321136657003D7F37 /* Product.swift */,
				83C5C8952113666F003D7F37 /* ProductIdentifier.swift */,
			);
			path = Models;
			sourceTree = "<group>";
		};
/* End PBXGroup section */

/* Begin PBXNativeTarget section */
		83C5C87B2113662F003D7F37 /* Books */ = {
			isa = PBXNativeTarget;
			buildConfigurationList = 83C5C88E21136630003D7F37 /* Build configuration list for PBXNativeTarget "Books" */;
			buildPhases = (
				83C5C8782113662F003D7F37 /* Sources */,
				83C5C8792113662F003D7F37 /* Frameworks */,
				83C5C87A2113662F003D7F37 /* Resources */,
			);
			buildRules = (
			);
			dependencies = (
			);
			name = Books;
			productName = Books;
			productReference = 83C5C87C2113662F003D7F37 /* Books.app */;
			productType = "com.apple.product-type.application";
		};
/* End PBXNativeTarget section */

/* Begin PBXProject section */
		83C5C8742113662F003D7F37 /* Project object */ = {
			isa = PBXProject;
			attributes = {
				LastSwiftUpdateCheck = 0940;
				LastUpgradeCheck = 0940;
				ORGANIZATIONNAME = "Robert Ryan";
				TargetAttributes = {
					83C5C87B2113662F003D7F37 = {
						CreatedOnToolsVersion = 9.4.1;
					};
				};
			};
			buildConfigurationList = 83C5C8772113662F003D7F37 /* Build configuration list for PBXProject "Books" */;
			compatibilityVersion = "Xcode 9.3";
			developmentRegion = en;
			hasScannedForEncodings = 0;
			knownRegions = (
				en,
				Base,
			);
			mainGroup = 83C5C8732113662F003D7F37;
			productRefGroup = 83C5C87D2113662F003D7F37 /* Products */;
			projectDirPath = "";
			projectRoot = "";
			targets = (
				83C5C87B2113662F003D7F37 /* Books */,
			);
		};
/* End PBXProject section */

/* Begin PBXResourcesBuildPhase section */
		83C5C87A2113662F003D7F37 /* Resources */ = {
			isa = PBXResourcesBuildPhase;
			buildActionMask = 2147483647;
			files = (
				83C5C88A21136630003D7F37 /* LaunchScreen.storyboard in Resources */,
				83C5C88721136630003D7F37 /* Assets.xcassets in Resources */,
				83C5C89921136799003D7F37 /* database.json in Resources */,
				83C5C8852113662F003D7F37 /* Main.storyboard in Resources */,
			);
			runOnlyForDeploymentPostprocessing = 0;
		};
/* End PBXResourcesBuildPhase section */

/* Begin PBXSourcesBuildPhase section */
		83C5C8782113662F003D7F37 /* Sources */ = {
			isa = PBXSourcesBuildPhase;
			buildActionMask = 2147483647;
			files = (
				83C5C8822113662F003D7F37 /* ViewController.swift in Sources */,
				83C5C8802113662F003D7F37 /* AppDelegate.swift in Sources */,
				83C5C8962113666F003D7F37 /* ProductIdentifier.swift in Sources */,
				83C5C89421136657003D7F37 /* Product.swift in Sources */,
			);
			runOnlyForDeploymentPostprocessing = 0;
		};
/* End PBXSourcesBuildPhase section */

/* Begin PBXVariantGroup section */
		83C5C8832113662F003D7F37 /* Main.storyboard */ = {
			isa = PBXVariantGroup;
			children = (
				83C5C8842113662F003D7F37 /* Base */,
			);
			name = Main.storyboard;
			sourceTree = "<group>";
		};
		83C5C88821136630003D7F37 /* LaunchScreen.storyboard */ = {
			isa = PBXVariantGroup;
			children = (
				83C5C88921136630003D7F37 /* Base */,
			);
			name = LaunchScreen.storyboard;
			sourceTree = "<group>";
		};
/* End PBXVariantGroup section */

/* Begin XCBuildConfiguration section */
		83C5C88C21136630003D7F37 /* Debug */ = {
			isa = XCBuildConfiguration;
			buildSettings = {
				ALWAYS_SEARCH_USER_PATHS = NO;
				CLANG_ANALYZER_NONNULL = YES;
				CLANG_ANALYZER_NUMBER_OBJECT_CONVERSION = YES_AGGRESSIVE;
				CLANG_CXX_LANGUAGE_STANDARD = "gnu++14";
				CLANG_CXX_LIBRARY = "libc++";
				CLANG_ENABLE_MODULES = YES;
				CLANG_ENABLE_OBJC_ARC = YES;
				CLANG_ENABLE_OBJC_WEAK = YES;
				CLANG_WARN_BLOCK_CAPTURE_AUTORELEASING = YES;
				CLANG_WARN_BOOL_CONVERSION = YES;
				CLANG_WARN_COMMA = YES;
				CLANG_WARN_CONSTANT_CONVERSION = YES;
				CLANG_WARN_DEPRECATED_OBJC_IMPLEMENTATIONS = YES;
				CLANG_WARN_DIRECT_OBJC_ISA_USAGE = YES_ERROR;
				CLANG_WARN_DOCUMENTATION_COMMENTS = YES;
				CLANG_WARN_EMPTY_BODY = YES;
				CLANG_WARN_ENUM_CONVERSION = YES;
				CLANG_WARN_INFINITE_RECURSION = YES;
				CLANG_WARN_INT_CONVERSION = YES;
				CLANG_WARN_NON_LITERAL_NULL_CONVERSION = YES;
				CLANG_WARN_OBJC_IMPLICIT_RETAIN_SELF = YES;
				CLANG_WARN_OBJC_LITERAL_CONVERSION = YES;
				CLANG_WARN_OBJC_ROOT_CLASS = YES_ERROR;
				CLANG_WARN_RANGE_LOOP_ANALYSIS = YES;
				CLANG_WARN_STRICT_PROTOTYPES = YES;
				CLANG_WARN_SUSPICIOUS_MOVE = YES;
				CLANG_WARN_UNGUARDED_AVAILABILITY = YES_AGGRESSIVE;
				CLANG_WARN_UNREACHABLE_CODE = YES;
				CLANG_WARN__DUPLICATE_METHOD_MATCH = YES;
				CODE_SIGN_IDENTITY = "iPhone Developer";
				COPY_PHASE_STRIP = NO;
				DEBUG_INFORMATION_FORMAT = dwarf;
				ENABLE_STRICT_OBJC_MSGSEND = YES;
				ENABLE_TESTABILITY = YES;
				GCC_C_LANGUAGE_STANDARD = gnu11;
				GCC_DYNAMIC_NO_PIC = NO;
				GCC_NO_COMMON_BLOCKS = YES;
				GCC_OPTIMIZATION_LEVEL = 0;
				GCC_PREPROCESSOR_DEFINITIONS = (
					"DEBUG=1",
					"$(inherited)",
				);
				GCC_WARN_64_TO_32_BIT_CONVERSION = YES;
				GCC_WARN_ABOUT_RETURN_TYPE = YES_ERROR;
				GCC_WARN_UNDECLARED_SELECTOR = YES;
				GCC_WARN_UNINITIALIZED_AUTOS = YES_AGGRESSIVE;
				GCC_WARN_UNUSED_FUNCTION = YES;
				GCC_WARN_UNUSED_VARIABLE = YES;
				IPHONEOS_DEPLOYMENT_TARGET = 11.4;
				MTL_ENABLE_DEBUG_INFO = YES;
				ONLY_ACTIVE_ARCH = YES;
				SDKROOT = iphoneos;
				SWIFT_ACTIVE_COMPILATION_CONDITIONS = DEBUG;
				SWIFT_OPTIMIZATION_LEVEL = "-Onone";
			};
			name = Debug;
		};
		83C5C88D21136630003D7F37 /* Release */ = {
			isa = XCBuildConfiguration;
			buildSettings = {
				ALWAYS_SEARCH_USER_PATHS = NO;
				CLANG_ANALYZER_NONNULL = YES;
				CLANG_ANALYZER_NUMBER_OBJECT_CONVERSION = YES_AGGRESSIVE;
				CLANG_CXX_LANGUAGE_STANDARD = "gnu++14";
				CLANG_CXX_LIBRARY = "libc++";
				CLANG_ENABLE_MODULES = YES;
				CLANG_ENABLE_OBJC_ARC = YES;
				CLANG_ENABLE_OBJC_WEAK = YES;
				CLANG_WARN_BLOCK_CAPTURE_AUTORELEASING = YES;
				CLANG_WARN_BOOL_CONVERSION = YES;
				CLANG_WARN_COMMA = YES;
				CLANG_WARN_CONSTANT_CONVERSION = YES;
				CLANG_WARN_DEPRECATED_OBJC_IMPLEMENTATIONS = YES;
				CLANG_WARN_DIRECT_OBJC_ISA_USAGE = YES_ERROR;
				CLANG_WARN_DOCUMENTATION_COMMENTS = YES;
				CLANG_WARN_EMPTY_BODY = YES;
				CLANG_WARN_ENUM_CONVERSION = YES;
				CLANG_WARN_INFINITE_RECURSION = YES;
				CLANG_WARN_INT_CONVERSION = YES;
				CLANG_WARN_NON_LITERAL_NULL_CONVERSION = YES;
				CLANG_WARN_OBJC_IMPLICIT_RETAIN_SELF = YES;
				CLANG_WARN_OBJC_LITERAL_CONVERSION = YES;
				CLANG_WARN_OBJC_ROOT_CLASS = YES_ERROR;
				CLANG_WARN_RANGE_LOOP_ANALYSIS = YES;
				CLANG_WARN_STRICT_PROTOTYPES = YES;
				CLANG_WARN_SUSPICIOUS_MOVE = YES;
				CLANG_WARN_UNGUARDED_AVAILABILITY = YES_AGGRESSIVE;
				CLANG_WARN_UNREACHABLE_CODE = YES;
				CLANG_WARN__DUPLICATE_METHOD_MATCH = YES;
				CODE_SIGN_IDENTITY = "iPhone Developer";
				COPY_PHASE_STRIP = NO;
				DEBUG_INFORMATION_FORMAT = "dwarf-with-dsym";
				ENABLE_NS_ASSERTIONS = NO;
				ENABLE_STRICT_OBJC_MSGSEND = YES;
				GCC_C_LANGUAGE_STANDARD = gnu11;
				GCC_NO_COMMON_BLOCKS = YES;
				GCC_WARN_64_TO_32_BIT_CONVERSION = YES;
				GCC_WARN_ABOUT_RETURN_TYPE = YES_ERROR;
				GCC_WARN_UNDECLARED_SELECTOR = YES;
				GCC_WARN_UNINITIALIZED_AUTOS = YES_AGGRESSIVE;
				GCC_WARN_UNUSED_FUNCTION = YES;
				GCC_WARN_UNUSED_VARIABLE = YES;
				IPHONEOS_DEPLOYMENT_TARGET = 11.4;
				MTL_ENABLE_DEBUG_INFO = NO;
				SDKROOT = iphoneos;
				SWIFT_COMPILATION_MODE = wholemodule;
				SWIFT_OPTIMIZATION_LEVEL = "-O";
				VALIDATE_PRODUCT = YES;
			};
			name = Release;
		};
		83C5C88F21136630003D7F37 /* Debug */ = {
			isa = XCBuildConfiguration;
			buildSettings = {
				ASSETCATALOG_COMPILER_APPICON_NAME = AppIcon;
				CODE_SIGN_STYLE = Automatic;
				DEVELOPMENT_TEAM = 3K4J9E7LRD;
				INFOPLIST_FILE = Books/Info.plist;
				LD_RUNPATH_SEARCH_PATHS = (
					"$(inherited)",
					"@executable_path/Frameworks",
				);
				PRODUCT_BUNDLE_IDENTIFIER = app.revelous.Books;
				PRODUCT_NAME = "$(TARGET_NAME)";
				SWIFT_VERSION = 4.0;
				TARGETED_DEVICE_FAMILY = "1,2";
			};
			name = Debug;
		};
		83C5C89021136630003D7F37 /* Release */ = {
			isa = XCBuildConfiguration;
			buildSettings = {
				ASSETCATALOG_COMPILER_APPICON_NAME = AppIcon;
				CODE_SIGN_STYLE = Automatic;
				DEVELOPMENT_TEAM = 3K4J9E7LRD;
				INFOPLIST_FILE = Books/Info.plist;
				LD_RUNPATH_SEARCH_PATHS = (
					"$(inherited)",
					"@executable_path/Frameworks",
				);
				PRODUCT_BUNDLE_IDENTIFIER = app.revelous.Books;
				PRODUCT_NAME = "$(TARGET_NAME)";
				SWIFT_VERSION = 4.0;
				TARGETED_DEVICE_FAMILY = "1,2";
			};
			name = Release;
		};
/* End XCBuildConfiguration section */

/* Begin XCConfigurationList section */
		83C5C8772113662F003D7F37 /* Build configuration list for PBXProject "Books" */ = {
			isa = XCConfigurationList;
			buildConfigurations = (
				83C5C88C21136630003D7F37 /* Debug */,
				83C5C88D21136630003D7F37 /* Release */,
			);
			defaultConfigurationIsVisible = 0;
			defaultConfigurationName = Release;
		};
		83C5C88E21136630003D7F37 /* Build configuration list for PBXNativeTarget "Books" */ = {
			isa = XCConfigurationList;
			buildConfigurations = (
				83C5C88F21136630003D7F37 /* Debug */,
				83C5C89021136630003D7F37 /* Release */,
			);
			defaultConfigurationIsVisible = 0;
			defaultConfigurationName = Release;
		};
/* End XCConfigurationList section */
	};
	rootObject = 83C5C8742113662F003D7F37 /* Project object */;
}
